
Microsoft Visual Studio Solution File, Format Version 12.00
# Visual Studio Version 17
VisualStudioVersion = 17.1.32210.238
MinimumVisualStudioVersion = 10.0.40219.1
Project("{FAE04EC0-301F-11D3-BF4B-00C04F79EFBC}") = "NumCom", "NumCom\NumCom.csproj", "{C72A1410-3D80-42BF-91E1-864A452AAD06}"
EndProject
Project("{FAE04EC0-301F-11D3-BF4B-00C04F79EFBC}") = "NumApell", "NumApell\NumApell.csproj", "{E887AE2F-C0FE-4739-ABBB-78947EDD6F6E}"
EndProject
Project("{FAE04EC0-301F-11D3-BF4B-00C04F79EFBC}") = "PregNom", "PregNom\PregNom.csproj", "{2C2EC08D-B1F7-4172-A864-2343AFA45D03}"
EndProject
Project("{FAE04EC0-301F-11D3-BF4B-00C04F79EFBC}") = "Suma", "Suma\Suma.csproj", "{35BB06EB-EA86-4D5C-BCEE-FFF24F81BF89}"
EndProject
Project("{FAE04EC0-301F-11D3-BF4B-00C04F79EFBC}") = "TreNum", "TreNum\TreNum.csproj", "{6D421733-3C6F-4362-9EC3-40006967F7B8}"
EndProject
Project("{FAE04EC0-301F-11D3-BF4B-00C04F79EFBC}") = "promedio", "promedio\promedio.csproj", "{6C322C1D-F118-4E0C-87BE-2739ED054E21}"
EndProject
Project("{FAE04EC0-301F-11D3-BF4B-00C04F79EFBC}") = "Loop", "Loop\Loop.csproj", "{BCDE336B-F567-4DBC-90A4-BA42DB0FE709}"
EndProject
Project("{FAE04EC0-301F-11D3-BF4B-00C04F79EFBC}") = "AreaDeTodo", "Area_Circulo\AreaDeTodo.csproj", "{92C1C9FA-2F34-474C-8A9C-19DF404B836C}"
EndProject
Project("{FAE04EC0-301F-11D3-BF4B-00C04F79EFBC}") = "nota", "case\nota.csproj", "{A4A561D5-4F53-4377-89F6-BD96E88197A2}"
EndProject
Project("{FAE04EC0-301F-11D3-BF4B-00C04F79EFBC}") = "Greater", "Greater\Greater.csproj", "{B253433F-3105-4932-AF34-42B81A879184}"
EndProject
Project("{FAE04EC0-301F-11D3-BF4B-00C04F79EFBC}") = "Sueldo", "Sueldo\Sueldo.csproj", "{F746ACC0-EDD3-4D39-847F-C1A1E4015BD8}"
EndProject
Project("{FAE04EC0-301F-11D3-BF4B-00C04F79EFBC}") = "ThreeInt", "ThreeInt\ThreeInt.csproj", "{2BF12B58-9BAD-4229-BBE0-41C3201322AC}"
EndProject
Project("{FAE04EC0-301F-11D3-BF4B-00C04F79EFBC}") = "EXAM", "EXAM\EXAM.csproj", "{73D9B535-712B-4387-B359-4A0C849D3215}"
EndProject
Project("{FAE04EC0-301F-11D3-BF4B-00C04F79EFBC}") = "FORMENU", "FORMENU\FORMENU.csproj", "{18DBE519-484E-4342-A86B-773DAD3BA3D5}"
EndProject
Project("{9A19103F-16F7-4668-BE54-9A1E7A4F7556}") = "jesu", "jesu\jesu.csproj", "{020EE48C-1C4A-4442-9BAB-505C6BB40CCF}"
EndProject
Project("{9A19103F-16F7-4668-BE54-9A1E7A4F7556}") = "arreglos$$trycatch", "arreglos$$trycatch\arreglos$$trycatch.csproj", "{10CE65E3-A597-435C-965F-49915248F221}"
EndProject
Project("{9A19103F-16F7-4668-BE54-9A1E7A4F7556}") = "methods", "methods\methods.csproj", "{A36DAF7C-8BF7-44C6-88AA-AFD21E2C46C4}"
EndProject
Project("{9A19103F-16F7-4668-BE54-9A1E7A4F7556}") = "sort", "sort\sort.csproj", "{ABA318B4-4230-4B3E-BEC1-A2DD72A96F8D}"
EndProject
Project("{9A19103F-16F7-4668-BE54-9A1E7A4F7556}") = "test", "test\test.csproj", "{D7FACF99-8D80-4789-A9DD-F88DE39F00B0}"
EndProject
Project("{9A19103F-16F7-4668-BE54-9A1E7A4F7556}") = "PRACTICA FINAL", "PRACTICA FINAL\PRACTICA FINAL.csproj", "{99601072-8247-43EA-B06F-037B51AC610E}"
EndProject
Project("{9A19103F-16F7-4668-BE54-9A1E7A4F7556}") = "TRABAJO FINAL", "TRABAJO FINAL\TRABAJO FINAL.csproj", "{40771F70-43F7-4590-BA50-68181AA596A4}"
EndProject
Global
	GlobalSection(SolutionConfigurationPlatforms) = preSolution
		Debug|Any CPU = Debug|Any CPU
		Release|Any CPU = Release|Any CPU
	EndGlobalSection
	GlobalSection(ProjectConfigurationPlatforms) = postSolution
		{C72A1410-3D80-42BF-91E1-864A452AAD06}.Debug|Any CPU.ActiveCfg = Debug|Any CPU
		{C72A1410-3D80-42BF-91E1-864A452AAD06}.Debug|Any CPU.Build.0 = Debug|Any CPU
		{C72A1410-3D80-42BF-91E1-864A452AAD06}.Release|Any CPU.ActiveCfg = Release|Any CPU
		{C72A1410-3D80-42BF-91E1-864A452AAD06}.Release|Any CPU.Build.0 = Release|Any CPU
		{E887AE2F-C0FE-4739-ABBB-78947EDD6F6E}.Debug|Any CPU.ActiveCfg = Debug|Any CPU
		{E887AE2F-C0FE-4739-ABBB-78947EDD6F6E}.Debug|Any CPU.Build.0 = Debug|Any CPU
		{E887AE2F-C0FE-4739-ABBB-78947EDD6F6E}.Release|Any CPU.ActiveCfg = Release|Any CPU
		{E887AE2F-C0FE-4739-ABBB-78947EDD6F6E}.Release|Any CPU.Build.0 = Release|Any CPU
		{2C2EC08D-B1F7-4172-A864-2343AFA45D03}.Debug|Any CPU.ActiveCfg = Debug|Any CPU
		{2C2EC08D-B1F7-4172-A864-2343AFA45D03}.Debug|Any CPU.Build.0 = Debug|Any CPU
		{2C2EC08D-B1F7-4172-A864-2343AFA45D03}.Release|Any CPU.ActiveCfg = Release|Any CPU
		{2C2EC08D-B1F7-4172-A864-2343AFA45D03}.Release|Any CPU.Build.0 = Release|Any CPU
		{35BB06EB-EA86-4D5C-BCEE-FFF24F81BF89}.Debug|Any CPU.ActiveCfg = Debug|Any CPU
		{35BB06EB-EA86-4D5C-BCEE-FFF24F81BF89}.Debug|Any CPU.Build.0 = Debug|Any CPU
		{35BB06EB-EA86-4D5C-BCEE-FFF24F81BF89}.Release|Any CPU.ActiveCfg = Release|Any CPU
		{35BB06EB-EA86-4D5C-BCEE-FFF24F81BF89}.Release|Any CPU.Build.0 = Release|Any CPU
		{6D421733-3C6F-4362-9EC3-40006967F7B8}.Debug|Any CPU.ActiveCfg = Debug|Any CPU
		{6D421733-3C6F-4362-9EC3-40006967F7B8}.Debug|Any CPU.Build.0 = Debug|Any CPU
		{6D421733-3C6F-4362-9EC3-40006967F7B8}.Release|Any CPU.ActiveCfg = Release|Any CPU
		{6D421733-3C6F-4362-9EC3-40006967F7B8}.Release|Any CPU.Build.0 = Release|Any CPU
		{6C322C1D-F118-4E0C-87BE-2739ED054E21}.Debug|Any CPU.ActiveCfg = Debug|Any CPU
		{6C322C1D-F118-4E0C-87BE-2739ED054E21}.Debug|Any CPU.Build.0 = Debug|Any CPU
		{6C322C1D-F118-4E0C-87BE-2739ED054E21}.Release|Any CPU.ActiveCfg = Release|Any CPU
		{6C322C1D-F118-4E0C-87BE-2739ED054E21}.Release|Any CPU.Build.0 = Release|Any CPU
		{BCDE336B-F567-4DBC-90A4-BA42DB0FE709}.Debug|Any CPU.ActiveCfg = Debug|Any CPU
		{BCDE336B-F567-4DBC-90A4-BA42DB0FE709}.Debug|Any CPU.Build.0 = Debug|Any CPU
		{BCDE336B-F567-4DBC-90A4-BA42DB0FE709}.Release|Any CPU.ActiveCfg = Release|Any CPU
		{BCDE336B-F567-4DBC-90A4-BA42DB0FE709}.Release|Any CPU.Build.0 = Release|Any CPU
		{92C1C9FA-2F34-474C-8A9C-19DF404B836C}.Debug|Any CPU.ActiveCfg = Debug|Any CPU
		{92C1C9FA-2F34-474C-8A9C-19DF404B836C}.Debug|Any CPU.Build.0 = Debug|Any CPU
		{92C1C9FA-2F34-474C-8A9C-19DF404B836C}.Release|Any CPU.ActiveCfg = Release|Any CPU
		{92C1C9FA-2F34-474C-8A9C-19DF404B836C}.Release|Any CPU.Build.0 = Release|Any CPU
		{A4A561D5-4F53-4377-89F6-BD96E88197A2}.Debug|Any CPU.ActiveCfg = Debug|Any CPU
		{A4A561D5-4F53-4377-89F6-BD96E88197A2}.Debug|Any CPU.Build.0 = Debug|Any CPU
		{A4A561D5-4F53-4377-89F6-BD96E88197A2}.Release|Any CPU.ActiveCfg = Release|Any CPU
		{A4A561D5-4F53-4377-89F6-BD96E88197A2}.Release|Any CPU.Build.0 = Release|Any CPU
		{B253433F-3105-4932-AF34-42B81A879184}.Debug|Any CPU.ActiveCfg = Debug|Any CPU
		{B253433F-3105-4932-AF34-42B81A879184}.Debug|Any CPU.Build.0 = Debug|Any CPU
		{B253433F-3105-4932-AF34-42B81A879184}.Release|Any CPU.ActiveCfg = Release|Any CPU
		{B253433F-3105-4932-AF34-42B81A879184}.Release|Any CPU.Build.0 = Release|Any CPU
		{F746ACC0-EDD3-4D39-847F-C1A1E4015BD8}.Debug|Any CPU.ActiveCfg = Debug|Any CPU
		{F746ACC0-EDD3-4D39-847F-C1A1E4015BD8}.Debug|Any CPU.Build.0 = Debug|Any CPU
		{F746ACC0-EDD3-4D39-847F-C1A1E4015BD8}.Release|Any CPU.ActiveCfg = Release|Any CPU
		{F746ACC0-EDD3-4D39-847F-C1A1E4015BD8}.Release|Any CPU.Build.0 = Release|Any CPU
		{2BF12B58-9BAD-4229-BBE0-41C3201322AC}.Debug|Any CPU.ActiveCfg = Debug|Any CPU
		{2BF12B58-9BAD-4229-BBE0-41C3201322AC}.Debug|Any CPU.Build.0 = Debug|Any CPU
		{2BF12B58-9BAD-4229-BBE0-41C3201322AC}.Release|Any CPU.ActiveCfg = Release|Any CPU
		{2BF12B58-9BAD-4229-BBE0-41C3201322AC}.Release|Any CPU.Build.0 = Release|Any CPU
		{73D9B535-712B-4387-B359-4A0C849D3215}.Debug|Any CPU.ActiveCfg = Debug|Any CPU
		{73D9B535-712B-4387-B359-4A0C849D3215}.Debug|Any CPU.Build.0 = Debug|Any CPU
		{73D9B535-712B-4387-B359-4A0C849D3215}.Release|Any CPU.ActiveCfg = Release|Any CPU
		{73D9B535-712B-4387-B359-4A0C849D3215}.Release|Any CPU.Build.0 = Release|Any CPU
		{18DBE519-484E-4342-A86B-773DAD3BA3D5}.Debug|Any CPU.ActiveCfg = Debug|Any CPU
		{18DBE519-484E-4342-A86B-773DAD3BA3D5}.Debug|Any CPU.Build.0 = Debug|Any CPU
		{18DBE519-484E-4342-A86B-773DAD3BA3D5}.Release|Any CPU.ActiveCfg = Release|Any CPU
		{18DBE519-484E-4342-A86B-773DAD3BA3D5}.Release|Any CPU.Build.0 = Release|Any CPU
		{020EE48C-1C4A-4442-9BAB-505C6BB40CCF}.Debug|Any CPU.ActiveCfg = Debug|Any CPU
		{020EE48C-1C4A-4442-9BAB-505C6BB40CCF}.Debug|Any CPU.Build.0 = Debug|Any CPU
		{020EE48C-1C4A-4442-9BAB-505C6BB40CCF}.Release|Any CPU.ActiveCfg = Release|Any CPU
		{020EE48C-1C4A-4442-9BAB-505C6BB40CCF}.Release|Any CPU.Build.0 = Release|Any CPU
		{10CE65E3-A597-435C-965F-49915248F221}.Debug|Any CPU.ActiveCfg = Debug|Any CPU
		{10CE65E3-A597-435C-965F-49915248F221}.Debug|Any CPU.Build.0 = Debug|Any CPU
		{10CE65E3-A597-435C-965F-49915248F221}.Release|Any CPU.ActiveCfg = Release|Any CPU
		{10CE65E3-A597-435C-965F-49915248F221}.Release|Any CPU.Build.0 = Release|Any CPU
		{A36DAF7C-8BF7-44C6-88AA-AFD21E2C46C4}.Debug|Any CPU.ActiveCfg = Debug|Any CPU
		{A36DAF7C-8BF7-44C6-88AA-AFD21E2C46C4}.Debug|Any CPU.Build.0 = Debug|Any CPU
		{A36DAF7C-8BF7-44C6-88AA-AFD21E2C46C4}.Release|Any CPU.ActiveCfg = Release|Any CPU
		{A36DAF7C-8BF7-44C6-88AA-AFD21E2C46C4}.Release|Any CPU.Build.0 = Release|Any CPU
		{ABA318B4-4230-4B3E-BEC1-A2DD72A96F8D}.Debug|Any CPU.ActiveCfg = Debug|Any CPU
		{ABA318B4-4230-4B3E-BEC1-A2DD72A96F8D}.Debug|Any CPU.Build.0 = Debug|Any CPU
		{ABA318B4-4230-4B3E-BEC1-A2DD72A96F8D}.Release|Any CPU.ActiveCfg = Release|Any CPU
		{ABA318B4-4230-4B3E-BEC1-A2DD72A96F8D}.Release|Any CPU.Build.0 = Release|Any CPU
		{D7FACF99-8D80-4789-A9DD-F88DE39F00B0}.Debug|Any CPU.ActiveCfg = Debug|Any CPU
		{D7FACF99-8D80-4789-A9DD-F88DE39F00B0}.Debug|Any CPU.Build.0 = Debug|Any CPU
		{D7FACF99-8D80-4789-A9DD-F88DE39F00B0}.Release|Any CPU.ActiveCfg = Release|Any CPU
		{D7FACF99-8D80-4789-A9DD-F88DE39F00B0}.Release|Any CPU.Build.0 = Release|Any CPU
		{99601072-8247-43EA-B06F-037B51AC610E}.Debug|Any CPU.ActiveCfg = Debug|Any CPU
		{99601072-8247-43EA-B06F-037B51AC610E}.Debug|Any CPU.Build.0 = Debug|Any CPU
		{99601072-8247-43EA-B06F-037B51AC610E}.Release|Any CPU.ActiveCfg = Release|Any CPU
		{99601072-8247-43EA-B06F-037B51AC610E}.Release|Any CPU.Build.0 = Release|Any CPU
		{40771F70-43F7-4590-BA50-68181AA596A4}.Debug|Any CPU.ActiveCfg = Debug|Any CPU
		{40771F70-43F7-4590-BA50-68181AA596A4}.Debug|Any CPU.Build.0 = Debug|Any CPU
		{40771F70-43F7-4590-BA50-68181AA596A4}.Release|Any CPU.ActiveCfg = Release|Any CPU
		{40771F70-43F7-4590-BA50-68181AA596A4}.Release|Any CPU.Build.0 = Release|Any CPU
	EndGlobalSection
	GlobalSection(SolutionProperties) = preSolution
		HideSolutionNode = FALSE
	EndGlobalSection
	GlobalSection(ExtensibilityGlobals) = postSolution
		SolutionGuid = {B59758DA-7303-4C4D-A028-04B344102E5C}
	EndGlobalSection
EndGlobal
